// !$*UTF8*$!
{
	archiveVersion = 1;
	classes = {
	};
	objectVersion = 55;
	objects = {

/* Begin PBXBuildFile section */
		96AABDDB271D328200EA8ACD /* AppDelegate.swift in Sources */ = {isa = PBXBuildFile; fileRef = 96AABDDA271D328200EA8ACD /* AppDelegate.swift */; };
		96AABDDD271D328200EA8ACD /* SceneDelegate.swift in Sources */ = {isa = PBXBuildFile; fileRef = 96AABDDC271D328200EA8ACD /* SceneDelegate.swift */; };
		96AABDDF271D328200EA8ACD /* StoreVC.swift in Sources */ = {isa = PBXBuildFile; fileRef = 96AABDDE271D328200EA8ACD /* StoreVC.swift */; };
		96AABDE2271D328200EA8ACD /* Main.storyboard in Resources */ = {isa = PBXBuildFile; fileRef = 96AABDE0271D328200EA8ACD /* Main.storyboard */; };
		96AABDE4271D328300EA8ACD /* Assets.xcassets in Resources */ = {isa = PBXBuildFile; fileRef = 96AABDE3271D328300EA8ACD /* Assets.xcassets */; };
		96AABDE7271D328300EA8ACD /* LaunchScreen.storyboard in Resources */ = {isa = PBXBuildFile; fileRef = 96AABDE5271D328300EA8ACD /* LaunchScreen.storyboard */; };
		96AABDEF271D342500EA8ACD /* StoreCell.swift in Sources */ = {isa = PBXBuildFile; fileRef = 96AABDEE271D342500EA8ACD /* StoreCell.swift */; };
		96AABDF1271D37A600EA8ACD /* Data.swift in Sources */ = {isa = PBXBuildFile; fileRef = 96AABDF0271D37A600EA8ACD /* Data.swift */; };
		96AABDF3271DD2E000EA8ACD /* ProductVC.swift in Sources */ = {isa = PBXBuildFile; fileRef = 96AABDF2271DD2E000EA8ACD /* ProductVC.swift */; };
		96F3F0102723209E006EE74F /* ManegerVC.swift in Sources */ = {isa = PBXBuildFile; fileRef = 96F3F00F2723209E006EE74F /* ManegerVC.swift */; };
		96F3F01227233894006EE74F /* EditeVC.swift in Sources */ = {isa = PBXBuildFile; fileRef = 96F3F01127233894006EE74F /* EditeVC.swift */; };
		96FABB12271FFB87002A9DB3 /* CartVC.swift in Sources */ = {isa = PBXBuildFile; fileRef = 96FABB11271FFB87002A9DB3 /* CartVC.swift */; };
/* End PBXBuildFile section */

/* Begin PBXFileReference section */
		96AABDD7271D328200EA8ACD /* iHerb.app */ = {isa = PBXFileReference; explicitFileType = wrapper.application; includeInIndex = 0; path = iHerb.app; sourceTree = BUILT_PRODUCTS_DIR; };
		96AABDDA271D328200EA8ACD /* AppDelegate.swift */ = {isa = PBXFileReference; lastKnownFileType = sourcecode.swift; path = AppDelegate.swift; sourceTree = "<group>"; };
		96AABDDC271D328200EA8ACD /* SceneDelegate.swift */ = {isa = PBXFileReference; lastKnownFileType = sourcecode.swift; path = SceneDelegate.swift; sourceTree = "<group>"; };
		96AABDDE271D328200EA8ACD /* StoreVC.swift */ = {isa = PBXFileReference; lastKnownFileType = sourcecode.swift; path = StoreVC.swift; sourceTree = "<group>"; };
		96AABDE1271D328200EA8ACD /* Base */ = {isa = PBXFileReference; lastKnownFileType = file.storyboard; name = Base; path = Base.lproj/Main.storyboard; sourceTree = "<group>"; };
		96AABDE3271D328300EA8ACD /* Assets.xcassets */ = {isa = PBXFileReference; lastKnownFileType = folder.assetcatalog; path = Assets.xcassets; sourceTree = "<group>"; };
		96AABDE6271D328300EA8ACD /* Base */ = {isa = PBXFileReference; lastKnownFileType = file.storyboard; name = Base; path = Base.lproj/LaunchScreen.storyboard; sourceTree = "<group>"; };
		96AABDE8271D328300EA8ACD /* Info.plist */ = {isa = PBXFileReference; lastKnownFileType = text.plist.xml; path = Info.plist; sourceTree = "<group>"; };
		96AABDEE271D342500EA8ACD /* StoreCell.swift */ = {isa = PBXFileReference; lastKnownFileType = sourcecode.swift; path = StoreCell.swift; sourceTree = "<group>"; };
		96AABDF0271D37A600EA8ACD /* Data.swift */ = {isa = PBXFileReference; lastKnownFileType = sourcecode.swift; path = Data.swift; sourceTree = "<group>"; };
		96AABDF2271DD2E000EA8ACD /* ProductVC.swift */ = {isa = PBXFileReference; lastKnownFileType = sourcecode.swift; path = ProductVC.swift; sourceTree = "<group>"; };
		96F3F00F2723209E006EE74F /* ManegerVC.swift */ = {isa = PBXFileReference; lastKnownFileType = sourcecode.swift; path = ManegerVC.swift; sourceTree = "<group>"; };
		96F3F01127233894006EE74F /* EditeVC.swift */ = {isa = PBXFileReference; lastKnownFileType = sourcecode.swift; path = EditeVC.swift; sourceTree = "<group>"; };
		96FABB11271FFB87002A9DB3 /* CartVC.swift */ = {isa = PBXFileReference; lastKnownFileType = sourcecode.swift; path = CartVC.swift; sourceTree = "<group>"; };
/* End PBXFileReference section */

/* Begin PBXFrameworksBuildPhase section */
		96AABDD4271D328200EA8ACD /* Frameworks */ = {
			isa = PBXFrameworksBuildPhase;
			buildActionMask = 2147483647;
			files = (
			);
			runOnlyForDeploymentPostprocessing = 0;
		};
/* End PBXFrameworksBuildPhase section */

/* Begin PBXGroup section */
		96AABDCE271D328200EA8ACD = {
			isa = PBXGroup;
			children = (
				96AABDD9271D328200EA8ACD /* iHerb */,
				96AABDD8271D328200EA8ACD /* Products */,
			);
			sourceTree = "<group>";
		};
		96AABDD8271D328200EA8ACD /* Products */ = {
			isa = PBXGroup;
			children = (
				96AABDD7271D328200EA8ACD /* iHerb.app */,
			);
			name = Products;
			sourceTree = "<group>";
		};
		96AABDD9271D328200EA8ACD /* iHerb */ = {
			isa = PBXGroup;
			children = (
				96AABDDA271D328200EA8ACD /* AppDelegate.swift */,
				96AABDDC271D328200EA8ACD /* SceneDelegate.swift */,
				96AABDDE271D328200EA8ACD /* StoreVC.swift */,
				96AABDEE271D342500EA8ACD /* StoreCell.swift */,
				96AABDF2271DD2E000EA8ACD /* ProductVC.swift */,
				96FABB11271FFB87002A9DB3 /* CartVC.swift */,
				96AABDE0271D328200EA8ACD /* Main.storyboard */,
				96AABDE3271D328300EA8ACD /* Assets.xcassets */,
				96AABDE5271D328300EA8ACD /* LaunchScreen.storyboard */,
				96AABDE8271D328300EA8ACD /* Info.plist */,
				96AABDF0271D37A600EA8ACD /* Data.swift */,
				96F3F00F2723209E006EE74F /* ManegerVC.swift */,
				96F3F01127233894006EE74F /* EditeVC.swift */,
			);
			path = iHerb;
			sourceTree = "<group>";
		};
/* End PBXGroup section */

/* Begin PBXNativeTarget section */
		96AABDD6271D328200EA8ACD /* iHerb */ = {
			isa = PBXNativeTarget;
			buildConfigurationList = 96AABDEB271D328300EA8ACD /* Build configuration list for PBXNativeTarget "iHerb" */;
			buildPhases = (
				96AABDD3271D328200EA8ACD /* Sources */,
				96AABDD4271D328200EA8ACD /* Frameworks */,
				96AABDD5271D328200EA8ACD /* Resources */,
			);
			buildRules = (
			);
			dependencies = (
			);
			name = iHerb;
			productName = iHerb;
			productReference = 96AABDD7271D328200EA8ACD /* iHerb.app */;
			productType = "com.apple.product-type.application";
		};
/* End PBXNativeTarget section */

/* Begin PBXProject section */
		96AABDCF271D328200EA8ACD /* Project object */ = {
			isa = PBXProject;
			attributes = {
				BuildIndependentTargetsInParallel = 1;
				LastSwiftUpdateCheck = 1300;
				LastUpgradeCheck = 1300;
				TargetAttributes = {
					96AABDD6271D328200EA8ACD = {
						CreatedOnToolsVersion = 13.0;
					};
				};
			};
			buildConfigurationList = 96AABDD2271D328200EA8ACD /* Build configuration list for PBXProject "iHerb" */;
			compatibilityVersion = "Xcode 13.0";
			developmentRegion = en;
			hasScannedForEncodings = 0;
			knownRegions = (
				en,
				Base,
			);
			mainGroup = 96AABDCE271D328200EA8ACD;
			productRefGroup = 96AABDD8271D328200EA8ACD /* Products */;
			projectDirPath = "";
			projectRoot = "";
			targets = (
				96AABDD6271D328200EA8ACD /* iHerb */,
			);
		};
/* End PBXProject section */

/* Begin PBXResourcesBuildPhase section */
		96AABDD5271D328200EA8ACD /* Resources */ = {
			isa = PBXResourcesBuildPhase;
			buildActionMask = 2147483647;
			files = (
				96AABDE7271D328300EA8ACD /* LaunchScreen.storyboard in Resources */,
				96AABDE4271D328300EA8ACD /* Assets.xcassets in Resources */,
				96AABDE2271D328200EA8ACD /* Main.storyboard in Resources */,
			);
			runOnlyForDeploymentPostprocessing = 0;
		};
/* End PBXResourcesBuildPhase section */

/* Begin PBXSourcesBuildPhase section */
		96AABDD3271D328200EA8ACD /* Sources */ = {
			isa = PBXSourcesBuildPhase;
			buildActionMask = 2147483647;
			files = (
				96AABDEF271D342500EA8ACD /* StoreCell.swift in Sources */,
				96F3F01227233894006EE74F /* EditeVC.swift in Sources */,
				96AABDF1271D37A600EA8ACD /* Data.swift in Sources */,
				96F3F0102723209E006EE74F /* ManegerVC.swift in Sources */,
				96AABDDF271D328200EA8ACD /* StoreVC.swift in Sources */,
				96AABDDB271D328200EA8ACD /* AppDelegate.swift in Sources */,
				96AABDDD271D328200EA8ACD /* SceneDelegate.swift in Sources */,
				96FABB12271FFB87002A9DB3 /* CartVC.swift in Sources */,
				96AABDF3271DD2E000EA8ACD /* ProductVC.swift in Sources */,
			);
			runOnlyForDeploymentPostprocessing = 0;
		};
/* End PBXSourcesBuildPhase section */

/* Begin PBXVariantGroup section */
		96AABDE0271D328200EA8ACD /* Main.storyboard */ = {
			isa = PBXVariantGroup;
			children = (
				96AABDE1271D328200EA8ACD /* Base */,
			);
			name = Main.storyboard;
			sourceTree = "<group>";
		};
		96AABDE5271D328300EA8ACD /* LaunchScreen.storyboard */ = {
			isa = PBXVariantGroup;
			children = (
				96AABDE6271D328300EA8ACD /* Base */,
			);
			name = LaunchScreen.storyboard;
			sourceTree = "<group>";
		};
/* End PBXVariantGroup section */

/* Begin XCBuildConfiguration section */
		96AABDE9271D328300EA8ACD /* Debug */ = {
			isa = XCBuildConfiguration;
			buildSettings = {
				ALWAYS_SEARCH_USER_PATHS = NO;
				CLANG_ANALYZER_NONNULL = YES;
				CLANG_ANALYZER_NUMBER_OBJECT_CONVERSION = YES_AGGRESSIVE;
				CLANG_CXX_LANGUAGE_STANDARD = "gnu++17";
				CLANG_CXX_LIBRARY = "libc++";
				CLANG_ENABLE_MODULES = YES;
				CLANG_ENABLE_OBJC_ARC = YES;
				CLANG_ENABLE_OBJC_WEAK = YES;
				CLANG_WARN_BLOCK_CAPTURE_AUTORELEASING = YES;
				CLANG_WARN_BOOL_CONVERSION = YES;
				CLANG_WARN_COMMA = YES;
				CLANG_WARN_CONSTANT_CONVERSION = YES;
				CLANG_WARN_DEPRECATED_OBJC_IMPLEMENTATIONS = YES;
				CLANG_WARN_DIRECT_OBJC_ISA_USAGE = YES_ERROR;
				CLANG_WARN_DOCUMENTATION_COMMENTS = YES;
				CLANG_WARN_EMPTY_BODY = YES;
				CLANG_WARN_ENUM_CONVERSION = YES;
				CLANG_WARN_INFINITE_RECURSION = YES;
				CLANG_WARN_INT_CONVERSION = YES;
				CLANG_WARN_NON_LITERAL_NULL_CONVERSION = YES;
				CLANG_WARN_OBJC_IMPLICIT_RETAIN_SELF = YES;
				CLANG_WARN_OBJC_LITERAL_CONVERSION = YES;
				CLANG_WARN_OBJC_ROOT_CLASS = YES_ERROR;
				CLANG_WARN_QUOTED_INCLUDE_IN_FRAMEWORK_HEADER = YES;
				CLANG_WARN_RANGE_LOOP_ANALYSIS = YES;
				CLANG_WARN_STRICT_PROTOTYPES = YES;
				CLANG_WARN_SUSPICIOUS_MOVE = YES;
				CLANG_WARN_UNGUARDED_AVAILABILITY = YES_AGGRESSIVE;
				CLANG_WARN_UNREACHABLE_CODE = YES;
				CLANG_WARN__DUPLICATE_METHOD_MATCH = YES;
				COPY_PHASE_STRIP = NO;
				DEBUG_INFORMATION_FORMAT = dwarf;
				ENABLE_STRICT_OBJC_MSGSEND = YES;
				ENABLE_TESTABILITY = YES;
				GCC_C_LANGUAGE_STANDARD = gnu11;
				GCC_DYNAMIC_NO_PIC = NO;
				GCC_NO_COMMON_BLOCKS = YES;
				GCC_OPTIMIZATION_LEVEL = 0;
				GCC_PREPROCESSOR_DEFINITIONS = (
					"DEBUG=1",
					"$(inherited)",
				);
				GCC_WARN_64_TO_32_BIT_CONVERSION = YES;
				GCC_WARN_ABOUT_RETURN_TYPE = YES_ERROR;
				GCC_WARN_UNDECLARED_SELECTOR = YES;
				GCC_WARN_UNINITIALIZED_AUTOS = YES_AGGRESSIVE;
				GCC_WARN_UNUSED_FUNCTION = YES;
				GCC_WARN_UNUSED_VARIABLE = YES;
				IPHONEOS_DEPLOYMENT_TARGET = 15.0;
				MTL_ENABLE_DEBUG_INFO = INCLUDE_SOURCE;
				MTL_FAST_MATH = YES;
				ONLY_ACTIVE_ARCH = YES;
				SDKROOT = iphoneos;
				SWIFT_ACTIVE_COMPILATION_CONDITIONS = DEBUG;
				SWIFT_OPTIMIZATION_LEVEL = "-Onone";
			};
			name = Debug;
		};
		96AABDEA271D328300EA8ACD /* Release */ = {
			isa = XCBuildConfiguration;
			buildSettings = {
				ALWAYS_SEARCH_USER_PATHS = NO;
				CLANG_ANALYZER_NONNULL = YES;
				CLANG_ANALYZER_NUMBER_OBJECT_CONVERSION = YES_AGGRESSIVE;
				CLANG_CXX_LANGUAGE_STANDARD = "gnu++17";
				CLANG_CXX_LIBRARY = "libc++";
				CLANG_ENABLE_MODULES = YES;
				CLANG_ENABLE_OBJC_ARC = YES;
				CLANG_ENABLE_OBJC_WEAK = YES;
				CLANG_WARN_BLOCK_CAPTURE_AUTORELEASING = YES;
				CLANG_WARN_BOOL_CONVERSION = YES;
				CLANG_WARN_COMMA = YES;
				CLANG_WARN_CONSTANT_CONVERSION = YES;
				CLANG_WARN_DEPRECATED_OBJC_IMPLEMENTATIONS = YES;
				CLANG_WARN_DIRECT_OBJC_ISA_USAGE = YES_ERROR;
				CLANG_WARN_DOCUMENTATION_COMMENTS = YES;
				CLANG_WARN_EMPTY_BODY = YES;
				CLANG_WARN_ENUM_CONVERSION = YES;
				CLANG_WARN_INFINITE_RECURSION = YES;
				CLANG_WARN_INT_CONVERSION = YES;
				CLANG_WARN_NON_LITERAL_NULL_CONVERSION = YES;
				CLANG_WARN_OBJC_IMPLICIT_RETAIN_SELF = YES;
				CLANG_WARN_OBJC_LITERAL_CONVERSION = YES;
				CLANG_WARN_OBJC_ROOT_CLASS = YES_ERROR;
				CLANG_WARN_QUOTED_INCLUDE_IN_FRAMEWORK_HEADER = YES;
				CLANG_WARN_RANGE_LOOP_ANALYSIS = YES;
				CLANG_WARN_STRICT_PROTOTYPES = YES;
				CLANG_WARN_SUSPICIOUS_MOVE = YES;
				CLANG_WARN_UNGUARDED_AVAILABILITY = YES_AGGRESSIVE;
				CLANG_WARN_UNREACHABLE_CODE = YES;
				CLANG_WARN__DUPLICATE_METHOD_MATCH = YES;
				COPY_PHASE_STRIP = NO;
				DEBUG_INFORMATION_FORMAT = "dwarf-with-dsym";
				ENABLE_NS_ASSERTIONS = NO;
				ENABLE_STRICT_OBJC_MSGSEND = YES;
				GCC_C_LANGUAGE_STANDARD = gnu11;
				GCC_NO_COMMON_BLOCKS = YES;
				GCC_WARN_64_TO_32_BIT_CONVERSION = YES;
				GCC_WARN_ABOUT_RETURN_TYPE = YES_ERROR;
				GCC_WARN_UNDECLARED_SELECTOR = YES;
				GCC_WARN_UNINITIALIZED_AUTOS = YES_AGGRESSIVE;
				GCC_WARN_UNUSED_FUNCTION = YES;
				GCC_WARN_UNUSED_VARIABLE = YES;
				IPHONEOS_DEPLOYMENT_TARGET = 15.0;
				MTL_ENABLE_DEBUG_INFO = NO;
				MTL_FAST_MATH = YES;
				SDKROOT = iphoneos;
				SWIFT_COMPILATION_MODE = wholemodule;
				SWIFT_OPTIMIZATION_LEVEL = "-O";
				VALIDATE_PRODUCT = YES;
			};
			name = Release;
		};
		96AABDEC271D328300EA8ACD /* Debug */ = {
			isa = XCBuildConfiguration;
			buildSettings = {
				ASSETCATALOG_COMPILER_APPICON_NAME = AppIcon;
				ASSETCATALOG_COMPILER_GLOBAL_ACCENT_COLOR_NAME = AccentColor;
				CODE_SIGN_STYLE = Automatic;
				CURRENT_PROJECT_VERSION = 1;
				DEVELOPMENT_TEAM = UHBQU77Z37;
				GENERATE_INFOPLIST_FILE = YES;
				INFOPLIST_FILE = iHerb/Info.plist;
				INFOPLIST_KEY_UIApplicationSupportsIndirectInputEvents = YES;
				INFOPLIST_KEY_UILaunchStoryboardName = LaunchScreen;
				INFOPLIST_KEY_UIMainStoryboardFile = Main;
				INFOPLIST_KEY_UISupportedInterfaceOrientations_iPad = "UIInterfaceOrientationPortrait UIInterfaceOrientationPortraitUpsideDown UIInterfaceOrientationLandscapeLeft UIInterfaceOrientationLandscapeRight";
				INFOPLIST_KEY_UISupportedInterfaceOrientations_iPhone = "UIInterfaceOrientationPortrait UIInterfaceOrientationLandscapeLeft UIInterfaceOrientationLandscapeRight";
				LD_RUNPATH_SEARCH_PATHS = (
					"$(inherited)",
					"@executable_path/Frameworks",
				);
				MARKETING_VERSION = 1.0;
				PRODUCT_BUNDLE_IDENTIFIER = com.saraM.iHerb;
				PRODUCT_NAME = "$(TARGET_NAME)";
				SWIFT_EMIT_LOC_STRINGS = YES;
				SWIFT_VERSION = 5.0;
				TARGETED_DEVICE_FAMILY = "1,2";
			};
			name = Debug;
		};
		96AABDED271D328300EA8ACD /* Release */ = {
			isa = XCBuildConfiguration;
			buildSettings = {
				ASSETCATALOG_COMPILER_APPICON_NAME = AppIcon;
				ASSETCATALOG_COMPILER_GLOBAL_ACCENT_COLOR_NAME = AccentColor;
				CODE_SIGN_STYLE = Automatic;
				CURRENT_PROJECT_VERSION = 1;
				DEVELOPMENT_TEAM = UHBQU77Z37;
				GENERATE_INFOPLIST_FILE = YES;
				INFOPLIST_FILE = iHerb/Info.plist;
				INFOPLIST_KEY_UIApplicationSupportsIndirectInputEvents = YES;
				INFOPLIST_KEY_UILaunchStoryboardName = LaunchScreen;
				INFOPLIST_KEY_UIMainStoryboardFile = Main;
				INFOPLIST_KEY_UISupportedInterfaceOrientations_iPad = "UIInterfaceOrientationPortrait UIInterfaceOrientationPortraitUpsideDown UIInterfaceOrientationLandscapeLeft UIInterfaceOrientationLandscapeRight";
				INFOPLIST_KEY_UISupportedInterfaceOrientations_iPhone = "UIInterfaceOrientationPortrait UIInterfaceOrientationLandscapeLeft UIInterfaceOrientationLandscapeRight";
				LD_RUNPATH_SEARCH_PATHS = (
					"$(inherited)",
					"@executable_path/Frameworks",
				);
				MARKETING_VERSION = 1.0;
				PRODUCT_BUNDLE_IDENTIFIER = com.saraM.iHerb;
				PRODUCT_NAME = "$(TARGET_NAME)";
				SWIFT_EMIT_LOC_STRINGS = YES;
				SWIFT_VERSION = 5.0;
				TARGETED_DEVICE_FAMILY = "1,2";
			};
			name = Release;
		};
/* End XCBuildConfiguration section */

/* Begin XCConfigurationList section */
		96AABDD2271D328200EA8ACD /* Build configuration list for PBXProject "iHerb" */ = {
			isa = XCConfigurationList;
			buildConfigurations = (
				96AABDE9271D328300EA8ACD /* Debug */,
				96AABDEA271D328300EA8ACD /* Release */,
			);
			defaultConfigurationIsVisible = 0;
			defaultConfigurationName = Release;
		};
		96AABDEB271D328300EA8ACD /* Build configuration list for PBXNativeTarget "iHerb" */ = {
			isa = XCConfigurationList;
			buildConfigurations = (
				96AABDEC271D328300EA8ACD /* Debug */,
				96AABDED271D328300EA8ACD /* Release */,
			);
			defaultConfigurationIsVisible = 0;
			defaultConfigurationName = Release;
		};
/* End XCConfigurationList section */
	};
	rootObject = 96AABDCF271D328200EA8ACD /* Project object */;
}
