// !$*UTF8*$!
{
	archiveVersion = 1;
	classes = {
	};
	objectVersion = 55;
	objects = {

/* Begin PBXBuildFile section */
		0684554D27236AD70016C9A7 /* ManageProductVC.swift in Sources */ = {isa = PBXBuildFile; fileRef = 0684554C27236AD70016C9A7 /* ManageProductVC.swift */; };
		0684554F27236D430016C9A7 /* AddEditProductVC.swift in Sources */ = {isa = PBXBuildFile; fileRef = 0684554E27236D430016C9A7 /* AddEditProductVC.swift */; };
		7A8BE6992722CCDC000CBEA1 /* AppDelegate.swift in Sources */ = {isa = PBXBuildFile; fileRef = 7A8BE6982722CCDC000CBEA1 /* AppDelegate.swift */; };
		7A8BE69B2722CCDC000CBEA1 /* SceneDelegate.swift in Sources */ = {isa = PBXBuildFile; fileRef = 7A8BE69A2722CCDC000CBEA1 /* SceneDelegate.swift */; };
		7A8BE69D2722CCDC000CBEA1 /* ViewController.swift in Sources */ = {isa = PBXBuildFile; fileRef = 7A8BE69C2722CCDC000CBEA1 /* ViewController.swift */; };
		7A8BE6A02722CCDC000CBEA1 /* Main.storyboard in Resources */ = {isa = PBXBuildFile; fileRef = 7A8BE69E2722CCDC000CBEA1 /* Main.storyboard */; };
		7A8BE6A22722CCDE000CBEA1 /* Assets.xcassets in Resources */ = {isa = PBXBuildFile; fileRef = 7A8BE6A12722CCDE000CBEA1 /* Assets.xcassets */; };
		7A8BE6A52722CCDE000CBEA1 /* LaunchScreen.storyboard in Resources */ = {isa = PBXBuildFile; fileRef = 7A8BE6A32722CCDE000CBEA1 /* LaunchScreen.storyboard */; };
		7A8BE6AD2722CCF8000CBEA1 /* Models.swift in Sources */ = {isa = PBXBuildFile; fileRef = 7A8BE6AC2722CCF8000CBEA1 /* Models.swift */; };
		7A8BE6AF2722D125000CBEA1 /* ProductsCell.swift in Sources */ = {isa = PBXBuildFile; fileRef = 7A8BE6AE2722D125000CBEA1 /* ProductsCell.swift */; };
		7A8BE6B12722FCE0000CBEA1 /* CartVC.swift in Sources */ = {isa = PBXBuildFile; fileRef = 7A8BE6B02722FCE0000CBEA1 /* CartVC.swift */; };
		7A8BE6B327230211000CBEA1 /* CartCell.swift in Sources */ = {isa = PBXBuildFile; fileRef = 7A8BE6B227230211000CBEA1 /* CartCell.swift */; };
		7A8BE6B7272316BE000CBEA1 /* ProductVC.swift in Sources */ = {isa = PBXBuildFile; fileRef = 7A8BE6B6272316BE000CBEA1 /* ProductVC.swift */; };
/* End PBXBuildFile section */

/* Begin PBXFileReference section */
		0684554C27236AD70016C9A7 /* ManageProductVC.swift */ = {isa = PBXFileReference; lastKnownFileType = sourcecode.swift; path = ManageProductVC.swift; sourceTree = "<group>"; };
		0684554E27236D430016C9A7 /* AddEditProductVC.swift */ = {isa = PBXFileReference; lastKnownFileType = sourcecode.swift; path = AddEditProductVC.swift; sourceTree = "<group>"; };
		7A8BE6952722CCDC000CBEA1 /* PerfumesApplication.app */ = {isa = PBXFileReference; explicitFileType = wrapper.application; includeInIndex = 0; path = PerfumesApplication.app; sourceTree = BUILT_PRODUCTS_DIR; };
		7A8BE6982722CCDC000CBEA1 /* AppDelegate.swift */ = {isa = PBXFileReference; lastKnownFileType = sourcecode.swift; path = AppDelegate.swift; sourceTree = "<group>"; };
		7A8BE69A2722CCDC000CBEA1 /* SceneDelegate.swift */ = {isa = PBXFileReference; lastKnownFileType = sourcecode.swift; path = SceneDelegate.swift; sourceTree = "<group>"; };
		7A8BE69C2722CCDC000CBEA1 /* ViewController.swift */ = {isa = PBXFileReference; lastKnownFileType = sourcecode.swift; path = ViewController.swift; sourceTree = "<group>"; };
		7A8BE69F2722CCDC000CBEA1 /* Base */ = {isa = PBXFileReference; lastKnownFileType = file.storyboard; name = Base; path = Base.lproj/Main.storyboard; sourceTree = "<group>"; };
		7A8BE6A12722CCDE000CBEA1 /* Assets.xcassets */ = {isa = PBXFileReference; lastKnownFileType = folder.assetcatalog; path = Assets.xcassets; sourceTree = "<group>"; };
		7A8BE6A42722CCDE000CBEA1 /* Base */ = {isa = PBXFileReference; lastKnownFileType = file.storyboard; name = Base; path = Base.lproj/LaunchScreen.storyboard; sourceTree = "<group>"; };
		7A8BE6A62722CCDE000CBEA1 /* Info.plist */ = {isa = PBXFileReference; lastKnownFileType = text.plist.xml; path = Info.plist; sourceTree = "<group>"; };
		7A8BE6AC2722CCF8000CBEA1 /* Models.swift */ = {isa = PBXFileReference; lastKnownFileType = sourcecode.swift; path = Models.swift; sourceTree = "<group>"; };
		7A8BE6AE2722D125000CBEA1 /* ProductsCell.swift */ = {isa = PBXFileReference; lastKnownFileType = sourcecode.swift; path = ProductsCell.swift; sourceTree = "<group>"; };
		7A8BE6B02722FCE0000CBEA1 /* CartVC.swift */ = {isa = PBXFileReference; lastKnownFileType = sourcecode.swift; path = CartVC.swift; sourceTree = "<group>"; };
		7A8BE6B227230211000CBEA1 /* CartCell.swift */ = {isa = PBXFileReference; lastKnownFileType = sourcecode.swift; path = CartCell.swift; sourceTree = "<group>"; };
		7A8BE6B6272316BE000CBEA1 /* ProductVC.swift */ = {isa = PBXFileReference; lastKnownFileType = sourcecode.swift; path = ProductVC.swift; sourceTree = "<group>"; };
/* End PBXFileReference section */

/* Begin PBXFrameworksBuildPhase section */
		7A8BE6922722CCDC000CBEA1 /* Frameworks */ = {
			isa = PBXFrameworksBuildPhase;
			buildActionMask = 2147483647;
			files = (
			);
			runOnlyForDeploymentPostprocessing = 0;
		};
/* End PBXFrameworksBuildPhase section */

/* Begin PBXGroup section */
		06845548272354220016C9A7 /* Cells */ = {
			isa = PBXGroup;
			children = (
				7A8BE6AE2722D125000CBEA1 /* ProductsCell.swift */,
				7A8BE6B227230211000CBEA1 /* CartCell.swift */,
			);
			path = Cells;
			sourceTree = "<group>";
		};
		068455492723542F0016C9A7 /* Controllers */ = {
			isa = PBXGroup;
			children = (
				7A8BE69C2722CCDC000CBEA1 /* ViewController.swift */,
				7A8BE6B02722FCE0000CBEA1 /* CartVC.swift */,
				7A8BE6B6272316BE000CBEA1 /* ProductVC.swift */,
				0684554C27236AD70016C9A7 /* ManageProductVC.swift */,
				0684554E27236D430016C9A7 /* AddEditProductVC.swift */,
			);
			path = Controllers;
			sourceTree = "<group>";
		};
		0684554A2723543C0016C9A7 /* Models */ = {
			isa = PBXGroup;
			children = (
				7A8BE6AC2722CCF8000CBEA1 /* Models.swift */,
			);
			path = Models;
			sourceTree = "<group>";
		};
		0684554B272354470016C9A7 /* Views */ = {
			isa = PBXGroup;
			children = (
				7A8BE69E2722CCDC000CBEA1 /* Main.storyboard */,
				7A8BE6A32722CCDE000CBEA1 /* LaunchScreen.storyboard */,
			);
			path = Views;
			sourceTree = "<group>";
		};
		7A8BE68C2722CCDC000CBEA1 = {
			isa = PBXGroup;
			children = (
				7A8BE6972722CCDC000CBEA1 /* PerfumesApplication */,
				7A8BE6962722CCDC000CBEA1 /* Products */,
			);
			sourceTree = "<group>";
		};
		7A8BE6962722CCDC000CBEA1 /* Products */ = {
			isa = PBXGroup;
			children = (
				7A8BE6952722CCDC000CBEA1 /* PerfumesApplication.app */,
			);
			name = Products;
			sourceTree = "<group>";
		};
		7A8BE6972722CCDC000CBEA1 /* PerfumesApplication */ = {
			isa = PBXGroup;
			children = (
				7A8BE6982722CCDC000CBEA1 /* AppDelegate.swift */,
				7A8BE69A2722CCDC000CBEA1 /* SceneDelegate.swift */,
				7A8BE6A12722CCDE000CBEA1 /* Assets.xcassets */,
				7A8BE6A62722CCDE000CBEA1 /* Info.plist */,
				0684554A2723543C0016C9A7 /* Models */,
				0684554B272354470016C9A7 /* Views */,
				068455492723542F0016C9A7 /* Controllers */,
				06845548272354220016C9A7 /* Cells */,
			);
			path = PerfumesApplication;
			sourceTree = "<group>";
		};
/* End PBXGroup section */

/* Begin PBXNativeTarget section */
		7A8BE6942722CCDC000CBEA1 /* PerfumesApplication */ = {
			isa = PBXNativeTarget;
			buildConfigurationList = 7A8BE6A92722CCDE000CBEA1 /* Build configuration list for PBXNativeTarget "PerfumesApplication" */;
			buildPhases = (
				7A8BE6912722CCDC000CBEA1 /* Sources */,
				7A8BE6922722CCDC000CBEA1 /* Frameworks */,
				7A8BE6932722CCDC000CBEA1 /* Resources */,
			);
			buildRules = (
			);
			dependencies = (
			);
			name = PerfumesApplication;
			productName = PerfumesApplication;
			productReference = 7A8BE6952722CCDC000CBEA1 /* PerfumesApplication.app */;
			productType = "com.apple.product-type.application";
		};
/* End PBXNativeTarget section */

/* Begin PBXProject section */
		7A8BE68D2722CCDC000CBEA1 /* Project object */ = {
			isa = PBXProject;
			attributes = {
				BuildIndependentTargetsInParallel = 1;
				LastSwiftUpdateCheck = 1300;
				LastUpgradeCheck = 1300;
				TargetAttributes = {
					7A8BE6942722CCDC000CBEA1 = {
						CreatedOnToolsVersion = 13.0;
					};
				};
			};
			buildConfigurationList = 7A8BE6902722CCDC000CBEA1 /* Build configuration list for PBXProject "PerfumesApplication" */;
			compatibilityVersion = "Xcode 13.0";
			developmentRegion = en;
			hasScannedForEncodings = 0;
			knownRegions = (
				en,
				Base,
			);
			mainGroup = 7A8BE68C2722CCDC000CBEA1;
			productRefGroup = 7A8BE6962722CCDC000CBEA1 /* Products */;
			projectDirPath = "";
			projectRoot = "";
			targets = (
				7A8BE6942722CCDC000CBEA1 /* PerfumesApplication */,
			);
		};
/* End PBXProject section */

/* Begin PBXResourcesBuildPhase section */
		7A8BE6932722CCDC000CBEA1 /* Resources */ = {
			isa = PBXResourcesBuildPhase;
			buildActionMask = 2147483647;
			files = (
				7A8BE6A52722CCDE000CBEA1 /* LaunchScreen.storyboard in Resources */,
				7A8BE6A22722CCDE000CBEA1 /* Assets.xcassets in Resources */,
				7A8BE6A02722CCDC000CBEA1 /* Main.storyboard in Resources */,
			);
			runOnlyForDeploymentPostprocessing = 0;
		};
/* End PBXResourcesBuildPhase section */

/* Begin PBXSourcesBuildPhase section */
		7A8BE6912722CCDC000CBEA1 /* Sources */ = {
			isa = PBXSourcesBuildPhase;
			buildActionMask = 2147483647;
			files = (
				7A8BE69D2722CCDC000CBEA1 /* ViewController.swift in Sources */,
				7A8BE6B327230211000CBEA1 /* CartCell.swift in Sources */,
				0684554F27236D430016C9A7 /* AddEditProductVC.swift in Sources */,
				7A8BE6992722CCDC000CBEA1 /* AppDelegate.swift in Sources */,
				7A8BE6B12722FCE0000CBEA1 /* CartVC.swift in Sources */,
				0684554D27236AD70016C9A7 /* ManageProductVC.swift in Sources */,
				7A8BE6B7272316BE000CBEA1 /* ProductVC.swift in Sources */,
				7A8BE69B2722CCDC000CBEA1 /* SceneDelegate.swift in Sources */,
				7A8BE6AD2722CCF8000CBEA1 /* Models.swift in Sources */,
				7A8BE6AF2722D125000CBEA1 /* ProductsCell.swift in Sources */,
			);
			runOnlyForDeploymentPostprocessing = 0;
		};
/* End PBXSourcesBuildPhase section */

/* Begin PBXVariantGroup section */
		7A8BE69E2722CCDC000CBEA1 /* Main.storyboard */ = {
			isa = PBXVariantGroup;
			children = (
				7A8BE69F2722CCDC000CBEA1 /* Base */,
			);
			name = Main.storyboard;
			sourceTree = "<group>";
		};
		7A8BE6A32722CCDE000CBEA1 /* LaunchScreen.storyboard */ = {
			isa = PBXVariantGroup;
			children = (
				7A8BE6A42722CCDE000CBEA1 /* Base */,
			);
			name = LaunchScreen.storyboard;
			sourceTree = "<group>";
		};
/* End PBXVariantGroup section */

/* Begin XCBuildConfiguration section */
		7A8BE6A72722CCDE000CBEA1 /* Debug */ = {
			isa = XCBuildConfiguration;
			buildSettings = {
				ALWAYS_SEARCH_USER_PATHS = NO;
				CLANG_ANALYZER_NONNULL = YES;
				CLANG_ANALYZER_NUMBER_OBJECT_CONVERSION = YES_AGGRESSIVE;
				CLANG_CXX_LANGUAGE_STANDARD = "gnu++17";
				CLANG_CXX_LIBRARY = "libc++";
				CLANG_ENABLE_MODULES = YES;
				CLANG_ENABLE_OBJC_ARC = YES;
				CLANG_ENABLE_OBJC_WEAK = YES;
				CLANG_WARN_BLOCK_CAPTURE_AUTORELEASING = YES;
				CLANG_WARN_BOOL_CONVERSION = YES;
				CLANG_WARN_COMMA = YES;
				CLANG_WARN_CONSTANT_CONVERSION = YES;
				CLANG_WARN_DEPRECATED_OBJC_IMPLEMENTATIONS = YES;
				CLANG_WARN_DIRECT_OBJC_ISA_USAGE = YES_ERROR;
				CLANG_WARN_DOCUMENTATION_COMMENTS = YES;
				CLANG_WARN_EMPTY_BODY = YES;
				CLANG_WARN_ENUM_CONVERSION = YES;
				CLANG_WARN_INFINITE_RECURSION = YES;
				CLANG_WARN_INT_CONVERSION = YES;
				CLANG_WARN_NON_LITERAL_NULL_CONVERSION = YES;
				CLANG_WARN_OBJC_IMPLICIT_RETAIN_SELF = YES;
				CLANG_WARN_OBJC_LITERAL_CONVERSION = YES;
				CLANG_WARN_OBJC_ROOT_CLASS = YES_ERROR;
				CLANG_WARN_QUOTED_INCLUDE_IN_FRAMEWORK_HEADER = YES;
				CLANG_WARN_RANGE_LOOP_ANALYSIS = YES;
				CLANG_WARN_STRICT_PROTOTYPES = YES;
				CLANG_WARN_SUSPICIOUS_MOVE = YES;
				CLANG_WARN_UNGUARDED_AVAILABILITY = YES_AGGRESSIVE;
				CLANG_WARN_UNREACHABLE_CODE = YES;
				CLANG_WARN__DUPLICATE_METHOD_MATCH = YES;
				COPY_PHASE_STRIP = NO;
				DEBUG_INFORMATION_FORMAT = dwarf;
				ENABLE_STRICT_OBJC_MSGSEND = YES;
				ENABLE_TESTABILITY = YES;
				GCC_C_LANGUAGE_STANDARD = gnu11;
				GCC_DYNAMIC_NO_PIC = NO;
				GCC_NO_COMMON_BLOCKS = YES;
				GCC_OPTIMIZATION_LEVEL = 0;
				GCC_PREPROCESSOR_DEFINITIONS = (
					"DEBUG=1",
					"$(inherited)",
				);
				GCC_WARN_64_TO_32_BIT_CONVERSION = YES;
				GCC_WARN_ABOUT_RETURN_TYPE = YES_ERROR;
				GCC_WARN_UNDECLARED_SELECTOR = YES;
				GCC_WARN_UNINITIALIZED_AUTOS = YES_AGGRESSIVE;
				GCC_WARN_UNUSED_FUNCTION = YES;
				GCC_WARN_UNUSED_VARIABLE = YES;
				IPHONEOS_DEPLOYMENT_TARGET = 15.0;
				MTL_ENABLE_DEBUG_INFO = INCLUDE_SOURCE;
				MTL_FAST_MATH = YES;
				ONLY_ACTIVE_ARCH = YES;
				SDKROOT = iphoneos;
				SWIFT_ACTIVE_COMPILATION_CONDITIONS = DEBUG;
				SWIFT_OPTIMIZATION_LEVEL = "-Onone";
			};
			name = Debug;
		};
		7A8BE6A82722CCDE000CBEA1 /* Release */ = {
			isa = XCBuildConfiguration;
			buildSettings = {
				ALWAYS_SEARCH_USER_PATHS = NO;
				CLANG_ANALYZER_NONNULL = YES;
				CLANG_ANALYZER_NUMBER_OBJECT_CONVERSION = YES_AGGRESSIVE;
				CLANG_CXX_LANGUAGE_STANDARD = "gnu++17";
				CLANG_CXX_LIBRARY = "libc++";
				CLANG_ENABLE_MODULES = YES;
				CLANG_ENABLE_OBJC_ARC = YES;
				CLANG_ENABLE_OBJC_WEAK = YES;
				CLANG_WARN_BLOCK_CAPTURE_AUTORELEASING = YES;
				CLANG_WARN_BOOL_CONVERSION = YES;
				CLANG_WARN_COMMA = YES;
				CLANG_WARN_CONSTANT_CONVERSION = YES;
				CLANG_WARN_DEPRECATED_OBJC_IMPLEMENTATIONS = YES;
				CLANG_WARN_DIRECT_OBJC_ISA_USAGE = YES_ERROR;
				CLANG_WARN_DOCUMENTATION_COMMENTS = YES;
				CLANG_WARN_EMPTY_BODY = YES;
				CLANG_WARN_ENUM_CONVERSION = YES;
				CLANG_WARN_INFINITE_RECURSION = YES;
				CLANG_WARN_INT_CONVERSION = YES;
				CLANG_WARN_NON_LITERAL_NULL_CONVERSION = YES;
				CLANG_WARN_OBJC_IMPLICIT_RETAIN_SELF = YES;
				CLANG_WARN_OBJC_LITERAL_CONVERSION = YES;
				CLANG_WARN_OBJC_ROOT_CLASS = YES_ERROR;
				CLANG_WARN_QUOTED_INCLUDE_IN_FRAMEWORK_HEADER = YES;
				CLANG_WARN_RANGE_LOOP_ANALYSIS = YES;
				CLANG_WARN_STRICT_PROTOTYPES = YES;
				CLANG_WARN_SUSPICIOUS_MOVE = YES;
				CLANG_WARN_UNGUARDED_AVAILABILITY = YES_AGGRESSIVE;
				CLANG_WARN_UNREACHABLE_CODE = YES;
				CLANG_WARN__DUPLICATE_METHOD_MATCH = YES;
				COPY_PHASE_STRIP = NO;
				DEBUG_INFORMATION_FORMAT = "dwarf-with-dsym";
				ENABLE_NS_ASSERTIONS = NO;
				ENABLE_STRICT_OBJC_MSGSEND = YES;
				GCC_C_LANGUAGE_STANDARD = gnu11;
				GCC_NO_COMMON_BLOCKS = YES;
				GCC_WARN_64_TO_32_BIT_CONVERSION = YES;
				GCC_WARN_ABOUT_RETURN_TYPE = YES_ERROR;
				GCC_WARN_UNDECLARED_SELECTOR = YES;
				GCC_WARN_UNINITIALIZED_AUTOS = YES_AGGRESSIVE;
				GCC_WARN_UNUSED_FUNCTION = YES;
				GCC_WARN_UNUSED_VARIABLE = YES;
				IPHONEOS_DEPLOYMENT_TARGET = 15.0;
				MTL_ENABLE_DEBUG_INFO = NO;
				MTL_FAST_MATH = YES;
				SDKROOT = iphoneos;
				SWIFT_COMPILATION_MODE = wholemodule;
				SWIFT_OPTIMIZATION_LEVEL = "-O";
				VALIDATE_PRODUCT = YES;
			};
			name = Release;
		};
		7A8BE6AA2722CCDE000CBEA1 /* Debug */ = {
			isa = XCBuildConfiguration;
			buildSettings = {
				ASSETCATALOG_COMPILER_APPICON_NAME = AppIcon;
				ASSETCATALOG_COMPILER_GLOBAL_ACCENT_COLOR_NAME = AccentColor;
				CODE_SIGN_STYLE = Automatic;
				CURRENT_PROJECT_VERSION = 1;
				DEVELOPMENT_TEAM = "";
				GENERATE_INFOPLIST_FILE = YES;
				INFOPLIST_FILE = PerfumesApplication/Info.plist;
				INFOPLIST_KEY_UIApplicationSupportsIndirectInputEvents = YES;
				INFOPLIST_KEY_UILaunchStoryboardName = LaunchScreen;
				INFOPLIST_KEY_UIMainStoryboardFile = Main;
				INFOPLIST_KEY_UISupportedInterfaceOrientations_iPad = "UIInterfaceOrientationPortrait UIInterfaceOrientationPortraitUpsideDown UIInterfaceOrientationLandscapeLeft UIInterfaceOrientationLandscapeRight";
				INFOPLIST_KEY_UISupportedInterfaceOrientations_iPhone = "UIInterfaceOrientationPortrait UIInterfaceOrientationLandscapeLeft UIInterfaceOrientationLandscapeRight";
				LD_RUNPATH_SEARCH_PATHS = (
					"$(inherited)",
					"@executable_path/Frameworks",
				);
				MARKETING_VERSION = 1.0;
				PRODUCT_BUNDLE_IDENTIFIER = kholod.com.PerfumesApplication;
				PRODUCT_NAME = "$(TARGET_NAME)";
				SWIFT_EMIT_LOC_STRINGS = YES;
				SWIFT_VERSION = 5.0;
				TARGETED_DEVICE_FAMILY = "1,2";
			};
			name = Debug;
		};
		7A8BE6AB2722CCDE000CBEA1 /* Release */ = {
			isa = XCBuildConfiguration;
			buildSettings = {
				ASSETCATALOG_COMPILER_APPICON_NAME = AppIcon;
				ASSETCATALOG_COMPILER_GLOBAL_ACCENT_COLOR_NAME = AccentColor;
				CODE_SIGN_STYLE = Automatic;
				CURRENT_PROJECT_VERSION = 1;
				DEVELOPMENT_TEAM = "";
				GENERATE_INFOPLIST_FILE = YES;
				INFOPLIST_FILE = PerfumesApplication/Info.plist;
				INFOPLIST_KEY_UIApplicationSupportsIndirectInputEvents = YES;
				INFOPLIST_KEY_UILaunchStoryboardName = LaunchScreen;
				INFOPLIST_KEY_UIMainStoryboardFile = Main;
				INFOPLIST_KEY_UISupportedInterfaceOrientations_iPad = "UIInterfaceOrientationPortrait UIInterfaceOrientationPortraitUpsideDown UIInterfaceOrientationLandscapeLeft UIInterfaceOrientationLandscapeRight";
				INFOPLIST_KEY_UISupportedInterfaceOrientations_iPhone = "UIInterfaceOrientationPortrait UIInterfaceOrientationLandscapeLeft UIInterfaceOrientationLandscapeRight";
				LD_RUNPATH_SEARCH_PATHS = (
					"$(inherited)",
					"@executable_path/Frameworks",
				);
				MARKETING_VERSION = 1.0;
				PRODUCT_BUNDLE_IDENTIFIER = kholod.com.PerfumesApplication;
				PRODUCT_NAME = "$(TARGET_NAME)";
				SWIFT_EMIT_LOC_STRINGS = YES;
				SWIFT_VERSION = 5.0;
				TARGETED_DEVICE_FAMILY = "1,2";
			};
			name = Release;
		};
/* End XCBuildConfiguration section */

/* Begin XCConfigurationList section */
		7A8BE6902722CCDC000CBEA1 /* Build configuration list for PBXProject "PerfumesApplication" */ = {
			isa = XCConfigurationList;
			buildConfigurations = (
				7A8BE6A72722CCDE000CBEA1 /* Debug */,
				7A8BE6A82722CCDE000CBEA1 /* Release */,
			);
			defaultConfigurationIsVisible = 0;
			defaultConfigurationName = Release;
		};
		7A8BE6A92722CCDE000CBEA1 /* Build configuration list for PBXNativeTarget "PerfumesApplication" */ = {
			isa = XCConfigurationList;
			buildConfigurations = (
				7A8BE6AA2722CCDE000CBEA1 /* Debug */,
				7A8BE6AB2722CCDE000CBEA1 /* Release */,
			);
			defaultConfigurationIsVisible = 0;
			defaultConfigurationName = Release;
		};
/* End XCConfigurationList section */
	};
	rootObject = 7A8BE68D2722CCDC000CBEA1 /* Project object */;
}
