// !$*UTF8*$!
{
	archiveVersion = 1;
	classes = {
	};
	objectVersion = 55;
	objects = {

/* Begin PBXBuildFile section */
		FA128015271FF9000093D977 /* Cell3.swift in Sources */ = {isa = PBXBuildFile; fileRef = FA128014271FF9000093D977 /* Cell3.swift */; };
		FA1718D1271D6A0700D71FB7 /* VC3.swift in Sources */ = {isa = PBXBuildFile; fileRef = FA1718D0271D6A0700D71FB7 /* VC3.swift */; };
		FA3263902721402600C77727 /* managerVC.swift in Sources */ = {isa = PBXBuildFile; fileRef = FA32638F2721402600C77727 /* managerVC.swift */; };
		FA382B2F271CB6480032FAB4 /* AppDelegate.swift in Sources */ = {isa = PBXBuildFile; fileRef = FA382B2E271CB6480032FAB4 /* AppDelegate.swift */; };
		FA382B31271CB6480032FAB4 /* SceneDelegate.swift in Sources */ = {isa = PBXBuildFile; fileRef = FA382B30271CB6480032FAB4 /* SceneDelegate.swift */; };
		FA382B36271CB6480032FAB4 /* Main.storyboard in Resources */ = {isa = PBXBuildFile; fileRef = FA382B34271CB6480032FAB4 /* Main.storyboard */; };
		FA382B38271CB64E0032FAB4 /* Assets.xcassets in Resources */ = {isa = PBXBuildFile; fileRef = FA382B37271CB64E0032FAB4 /* Assets.xcassets */; };
		FA382B3B271CB64E0032FAB4 /* LaunchScreen.storyboard in Resources */ = {isa = PBXBuildFile; fileRef = FA382B39271CB64E0032FAB4 /* LaunchScreen.storyboard */; };
		FA382B43271CB7500032FAB4 /* VC1.swift in Sources */ = {isa = PBXBuildFile; fileRef = FA382B42271CB7500032FAB4 /* VC1.swift */; };
		FA382B45271CB7780032FAB4 /* Data.swift in Sources */ = {isa = PBXBuildFile; fileRef = FA382B44271CB7780032FAB4 /* Data.swift */; };
		FA382B47271CB7890032FAB4 /* VC2.swift in Sources */ = {isa = PBXBuildFile; fileRef = FA382B46271CB7890032FAB4 /* VC2.swift */; };
		FA382B49271CB7940032FAB4 /* Cell1.swift in Sources */ = {isa = PBXBuildFile; fileRef = FA382B48271CB7940032FAB4 /* Cell1.swift */; };
/* End PBXBuildFile section */

/* Begin PBXFileReference section */
		FA128014271FF9000093D977 /* Cell3.swift */ = {isa = PBXFileReference; lastKnownFileType = sourcecode.swift; path = Cell3.swift; sourceTree = "<group>"; };
		FA1718D0271D6A0700D71FB7 /* VC3.swift */ = {isa = PBXFileReference; lastKnownFileType = sourcecode.swift; path = VC3.swift; sourceTree = "<group>"; };
		FA32638F2721402600C77727 /* managerVC.swift */ = {isa = PBXFileReference; lastKnownFileType = sourcecode.swift; path = managerVC.swift; sourceTree = "<group>"; };
		FA382B2B271CB6480032FAB4 /* amazon.app */ = {isa = PBXFileReference; explicitFileType = wrapper.application; includeInIndex = 0; path = amazon.app; sourceTree = BUILT_PRODUCTS_DIR; };
		FA382B2E271CB6480032FAB4 /* AppDelegate.swift */ = {isa = PBXFileReference; lastKnownFileType = sourcecode.swift; path = AppDelegate.swift; sourceTree = "<group>"; };
		FA382B30271CB6480032FAB4 /* SceneDelegate.swift */ = {isa = PBXFileReference; lastKnownFileType = sourcecode.swift; path = SceneDelegate.swift; sourceTree = "<group>"; };
		FA382B35271CB6480032FAB4 /* Base */ = {isa = PBXFileReference; lastKnownFileType = file.storyboard; name = Base; path = Base.lproj/Main.storyboard; sourceTree = "<group>"; };
		FA382B37271CB64E0032FAB4 /* Assets.xcassets */ = {isa = PBXFileReference; lastKnownFileType = folder.assetcatalog; path = Assets.xcassets; sourceTree = "<group>"; };
		FA382B3A271CB64E0032FAB4 /* Base */ = {isa = PBXFileReference; lastKnownFileType = file.storyboard; name = Base; path = Base.lproj/LaunchScreen.storyboard; sourceTree = "<group>"; };
		FA382B3C271CB64E0032FAB4 /* Info.plist */ = {isa = PBXFileReference; lastKnownFileType = text.plist.xml; path = Info.plist; sourceTree = "<group>"; };
		FA382B42271CB7500032FAB4 /* VC1.swift */ = {isa = PBXFileReference; lastKnownFileType = sourcecode.swift; path = VC1.swift; sourceTree = "<group>"; };
		FA382B44271CB7780032FAB4 /* Data.swift */ = {isa = PBXFileReference; lastKnownFileType = sourcecode.swift; path = Data.swift; sourceTree = "<group>"; };
		FA382B46271CB7890032FAB4 /* VC2.swift */ = {isa = PBXFileReference; lastKnownFileType = sourcecode.swift; path = VC2.swift; sourceTree = "<group>"; };
		FA382B48271CB7940032FAB4 /* Cell1.swift */ = {isa = PBXFileReference; lastKnownFileType = sourcecode.swift; path = Cell1.swift; sourceTree = "<group>"; };
/* End PBXFileReference section */

/* Begin PBXFrameworksBuildPhase section */
		FA382B28271CB6480032FAB4 /* Frameworks */ = {
			isa = PBXFrameworksBuildPhase;
			buildActionMask = 2147483647;
			files = (
			);
			runOnlyForDeploymentPostprocessing = 0;
		};
/* End PBXFrameworksBuildPhase section */

/* Begin PBXGroup section */
		FA382B22271CB6480032FAB4 = {
			isa = PBXGroup;
			children = (
				FA382B2D271CB6480032FAB4 /* amazon */,
				FA382B2C271CB6480032FAB4 /* Products */,
			);
			sourceTree = "<group>";
		};
		FA382B2C271CB6480032FAB4 /* Products */ = {
			isa = PBXGroup;
			children = (
				FA382B2B271CB6480032FAB4 /* amazon.app */,
			);
			name = Products;
			sourceTree = "<group>";
		};
		FA382B2D271CB6480032FAB4 /* amazon */ = {
			isa = PBXGroup;
			children = (
				FA382B30271CB6480032FAB4 /* SceneDelegate.swift */,
				FA382B2E271CB6480032FAB4 /* AppDelegate.swift */,
				FA382B44271CB7780032FAB4 /* Data.swift */,
				FA382B42271CB7500032FAB4 /* VC1.swift */,
				FA382B46271CB7890032FAB4 /* VC2.swift */,
				FA1718D0271D6A0700D71FB7 /* VC3.swift */,
				FA382B48271CB7940032FAB4 /* Cell1.swift */,
				FA128014271FF9000093D977 /* Cell3.swift */,
				FA32638F2721402600C77727 /* managerVC.swift */,
				FA382B34271CB6480032FAB4 /* Main.storyboard */,
				FA382B37271CB64E0032FAB4 /* Assets.xcassets */,
				FA382B39271CB64E0032FAB4 /* LaunchScreen.storyboard */,
				FA382B3C271CB64E0032FAB4 /* Info.plist */,
			);
			path = amazon;
			sourceTree = "<group>";
		};
/* End PBXGroup section */

/* Begin PBXNativeTarget section */
		FA382B2A271CB6480032FAB4 /* amazon */ = {
			isa = PBXNativeTarget;
			buildConfigurationList = FA382B3F271CB64E0032FAB4 /* Build configuration list for PBXNativeTarget "amazon" */;
			buildPhases = (
				FA382B27271CB6480032FAB4 /* Sources */,
				FA382B28271CB6480032FAB4 /* Frameworks */,
				FA382B29271CB6480032FAB4 /* Resources */,
			);
			buildRules = (
			);
			dependencies = (
			);
			name = amazon;
			productName = amazon;
			productReference = FA382B2B271CB6480032FAB4 /* amazon.app */;
			productType = "com.apple.product-type.application";
		};
/* End PBXNativeTarget section */

/* Begin PBXProject section */
		FA382B23271CB6480032FAB4 /* Project object */ = {
			isa = PBXProject;
			attributes = {
				BuildIndependentTargetsInParallel = 1;
				LastSwiftUpdateCheck = 1300;
				LastUpgradeCheck = 1300;
				TargetAttributes = {
					FA382B2A271CB6480032FAB4 = {
						CreatedOnToolsVersion = 13.0;
					};
				};
			};
			buildConfigurationList = FA382B26271CB6480032FAB4 /* Build configuration list for PBXProject "amazon" */;
			compatibilityVersion = "Xcode 13.0";
			developmentRegion = en;
			hasScannedForEncodings = 0;
			knownRegions = (
				en,
				Base,
			);
			mainGroup = FA382B22271CB6480032FAB4;
			productRefGroup = FA382B2C271CB6480032FAB4 /* Products */;
			projectDirPath = "";
			projectRoot = "";
			targets = (
				FA382B2A271CB6480032FAB4 /* amazon */,
			);
		};
/* End PBXProject section */

/* Begin PBXResourcesBuildPhase section */
		FA382B29271CB6480032FAB4 /* Resources */ = {
			isa = PBXResourcesBuildPhase;
			buildActionMask = 2147483647;
			files = (
				FA382B3B271CB64E0032FAB4 /* LaunchScreen.storyboard in Resources */,
				FA382B38271CB64E0032FAB4 /* Assets.xcassets in Resources */,
				FA382B36271CB6480032FAB4 /* Main.storyboard in Resources */,
			);
			runOnlyForDeploymentPostprocessing = 0;
		};
/* End PBXResourcesBuildPhase section */

/* Begin PBXSourcesBuildPhase section */
		FA382B27271CB6480032FAB4 /* Sources */ = {
			isa = PBXSourcesBuildPhase;
			buildActionMask = 2147483647;
			files = (
				FA1718D1271D6A0700D71FB7 /* VC3.swift in Sources */,
				FA382B43271CB7500032FAB4 /* VC1.swift in Sources */,
				FA128015271FF9000093D977 /* Cell3.swift in Sources */,
				FA382B2F271CB6480032FAB4 /* AppDelegate.swift in Sources */,
				FA382B47271CB7890032FAB4 /* VC2.swift in Sources */,
				FA382B49271CB7940032FAB4 /* Cell1.swift in Sources */,
				FA382B31271CB6480032FAB4 /* SceneDelegate.swift in Sources */,
				FA3263902721402600C77727 /* managerVC.swift in Sources */,
				FA382B45271CB7780032FAB4 /* Data.swift in Sources */,
			);
			runOnlyForDeploymentPostprocessing = 0;
		};
/* End PBXSourcesBuildPhase section */

/* Begin PBXVariantGroup section */
		FA382B34271CB6480032FAB4 /* Main.storyboard */ = {
			isa = PBXVariantGroup;
			children = (
				FA382B35271CB6480032FAB4 /* Base */,
			);
			name = Main.storyboard;
			sourceTree = "<group>";
		};
		FA382B39271CB64E0032FAB4 /* LaunchScreen.storyboard */ = {
			isa = PBXVariantGroup;
			children = (
				FA382B3A271CB64E0032FAB4 /* Base */,
			);
			name = LaunchScreen.storyboard;
			sourceTree = "<group>";
		};
/* End PBXVariantGroup section */

/* Begin XCBuildConfiguration section */
		FA382B3D271CB64E0032FAB4 /* Debug */ = {
			isa = XCBuildConfiguration;
			buildSettings = {
				ALWAYS_SEARCH_USER_PATHS = NO;
				CLANG_ANALYZER_NONNULL = YES;
				CLANG_ANALYZER_NUMBER_OBJECT_CONVERSION = YES_AGGRESSIVE;
				CLANG_CXX_LANGUAGE_STANDARD = "gnu++17";
				CLANG_CXX_LIBRARY = "libc++";
				CLANG_ENABLE_MODULES = YES;
				CLANG_ENABLE_OBJC_ARC = YES;
				CLANG_ENABLE_OBJC_WEAK = YES;
				CLANG_WARN_BLOCK_CAPTURE_AUTORELEASING = YES;
				CLANG_WARN_BOOL_CONVERSION = YES;
				CLANG_WARN_COMMA = YES;
				CLANG_WARN_CONSTANT_CONVERSION = YES;
				CLANG_WARN_DEPRECATED_OBJC_IMPLEMENTATIONS = YES;
				CLANG_WARN_DIRECT_OBJC_ISA_USAGE = YES_ERROR;
				CLANG_WARN_DOCUMENTATION_COMMENTS = YES;
				CLANG_WARN_EMPTY_BODY = YES;
				CLANG_WARN_ENUM_CONVERSION = YES;
				CLANG_WARN_INFINITE_RECURSION = YES;
				CLANG_WARN_INT_CONVERSION = YES;
				CLANG_WARN_NON_LITERAL_NULL_CONVERSION = YES;
				CLANG_WARN_OBJC_IMPLICIT_RETAIN_SELF = YES;
				CLANG_WARN_OBJC_LITERAL_CONVERSION = YES;
				CLANG_WARN_OBJC_ROOT_CLASS = YES_ERROR;
				CLANG_WARN_QUOTED_INCLUDE_IN_FRAMEWORK_HEADER = YES;
				CLANG_WARN_RANGE_LOOP_ANALYSIS = YES;
				CLANG_WARN_STRICT_PROTOTYPES = YES;
				CLANG_WARN_SUSPICIOUS_MOVE = YES;
				CLANG_WARN_UNGUARDED_AVAILABILITY = YES_AGGRESSIVE;
				CLANG_WARN_UNREACHABLE_CODE = YES;
				CLANG_WARN__DUPLICATE_METHOD_MATCH = YES;
				COPY_PHASE_STRIP = NO;
				DEBUG_INFORMATION_FORMAT = dwarf;
				ENABLE_STRICT_OBJC_MSGSEND = YES;
				ENABLE_TESTABILITY = YES;
				GCC_C_LANGUAGE_STANDARD = gnu11;
				GCC_DYNAMIC_NO_PIC = NO;
				GCC_NO_COMMON_BLOCKS = YES;
				GCC_OPTIMIZATION_LEVEL = 0;
				GCC_PREPROCESSOR_DEFINITIONS = (
					"DEBUG=1",
					"$(inherited)",
				);
				GCC_WARN_64_TO_32_BIT_CONVERSION = YES;
				GCC_WARN_ABOUT_RETURN_TYPE = YES_ERROR;
				GCC_WARN_UNDECLARED_SELECTOR = YES;
				GCC_WARN_UNINITIALIZED_AUTOS = YES_AGGRESSIVE;
				GCC_WARN_UNUSED_FUNCTION = YES;
				GCC_WARN_UNUSED_VARIABLE = YES;
				IPHONEOS_DEPLOYMENT_TARGET = 15.0;
				MTL_ENABLE_DEBUG_INFO = INCLUDE_SOURCE;
				MTL_FAST_MATH = YES;
				ONLY_ACTIVE_ARCH = YES;
				SDKROOT = iphoneos;
				SWIFT_ACTIVE_COMPILATION_CONDITIONS = DEBUG;
				SWIFT_OPTIMIZATION_LEVEL = "-Onone";
			};
			name = Debug;
		};
		FA382B3E271CB64E0032FAB4 /* Release */ = {
			isa = XCBuildConfiguration;
			buildSettings = {
				ALWAYS_SEARCH_USER_PATHS = NO;
				CLANG_ANALYZER_NONNULL = YES;
				CLANG_ANALYZER_NUMBER_OBJECT_CONVERSION = YES_AGGRESSIVE;
				CLANG_CXX_LANGUAGE_STANDARD = "gnu++17";
				CLANG_CXX_LIBRARY = "libc++";
				CLANG_ENABLE_MODULES = YES;
				CLANG_ENABLE_OBJC_ARC = YES;
				CLANG_ENABLE_OBJC_WEAK = YES;
				CLANG_WARN_BLOCK_CAPTURE_AUTORELEASING = YES;
				CLANG_WARN_BOOL_CONVERSION = YES;
				CLANG_WARN_COMMA = YES;
				CLANG_WARN_CONSTANT_CONVERSION = YES;
				CLANG_WARN_DEPRECATED_OBJC_IMPLEMENTATIONS = YES;
				CLANG_WARN_DIRECT_OBJC_ISA_USAGE = YES_ERROR;
				CLANG_WARN_DOCUMENTATION_COMMENTS = YES;
				CLANG_WARN_EMPTY_BODY = YES;
				CLANG_WARN_ENUM_CONVERSION = YES;
				CLANG_WARN_INFINITE_RECURSION = YES;
				CLANG_WARN_INT_CONVERSION = YES;
				CLANG_WARN_NON_LITERAL_NULL_CONVERSION = YES;
				CLANG_WARN_OBJC_IMPLICIT_RETAIN_SELF = YES;
				CLANG_WARN_OBJC_LITERAL_CONVERSION = YES;
				CLANG_WARN_OBJC_ROOT_CLASS = YES_ERROR;
				CLANG_WARN_QUOTED_INCLUDE_IN_FRAMEWORK_HEADER = YES;
				CLANG_WARN_RANGE_LOOP_ANALYSIS = YES;
				CLANG_WARN_STRICT_PROTOTYPES = YES;
				CLANG_WARN_SUSPICIOUS_MOVE = YES;
				CLANG_WARN_UNGUARDED_AVAILABILITY = YES_AGGRESSIVE;
				CLANG_WARN_UNREACHABLE_CODE = YES;
				CLANG_WARN__DUPLICATE_METHOD_MATCH = YES;
				COPY_PHASE_STRIP = NO;
				DEBUG_INFORMATION_FORMAT = "dwarf-with-dsym";
				ENABLE_NS_ASSERTIONS = NO;
				ENABLE_STRICT_OBJC_MSGSEND = YES;
				GCC_C_LANGUAGE_STANDARD = gnu11;
				GCC_NO_COMMON_BLOCKS = YES;
				GCC_WARN_64_TO_32_BIT_CONVERSION = YES;
				GCC_WARN_ABOUT_RETURN_TYPE = YES_ERROR;
				GCC_WARN_UNDECLARED_SELECTOR = YES;
				GCC_WARN_UNINITIALIZED_AUTOS = YES_AGGRESSIVE;
				GCC_WARN_UNUSED_FUNCTION = YES;
				GCC_WARN_UNUSED_VARIABLE = YES;
				IPHONEOS_DEPLOYMENT_TARGET = 15.0;
				MTL_ENABLE_DEBUG_INFO = NO;
				MTL_FAST_MATH = YES;
				SDKROOT = iphoneos;
				SWIFT_COMPILATION_MODE = wholemodule;
				SWIFT_OPTIMIZATION_LEVEL = "-O";
				VALIDATE_PRODUCT = YES;
			};
			name = Release;
		};
		FA382B40271CB64E0032FAB4 /* Debug */ = {
			isa = XCBuildConfiguration;
			buildSettings = {
				ASSETCATALOG_COMPILER_APPICON_NAME = AppIcon;
				ASSETCATALOG_COMPILER_GLOBAL_ACCENT_COLOR_NAME = AccentColor;
				CODE_SIGN_STYLE = Automatic;
				CURRENT_PROJECT_VERSION = 1;
				DEVELOPMENT_TEAM = WNNDZRPYU3;
				GENERATE_INFOPLIST_FILE = YES;
				INFOPLIST_FILE = amazon/Info.plist;
				INFOPLIST_KEY_UIApplicationSupportsIndirectInputEvents = YES;
				INFOPLIST_KEY_UILaunchStoryboardName = LaunchScreen;
				INFOPLIST_KEY_UIMainStoryboardFile = Main;
				INFOPLIST_KEY_UISupportedInterfaceOrientations_iPad = "UIInterfaceOrientationPortrait UIInterfaceOrientationPortraitUpsideDown UIInterfaceOrientationLandscapeLeft UIInterfaceOrientationLandscapeRight";
				INFOPLIST_KEY_UISupportedInterfaceOrientations_iPhone = "UIInterfaceOrientationPortrait UIInterfaceOrientationLandscapeLeft UIInterfaceOrientationLandscapeRight";
				LD_RUNPATH_SEARCH_PATHS = (
					"$(inherited)",
					"@executable_path/Frameworks",
				);
				MARKETING_VERSION = 1.0;
				PRODUCT_BUNDLE_IDENTIFIER = sa.waleed.amazon;
				PRODUCT_NAME = "$(TARGET_NAME)";
				SWIFT_EMIT_LOC_STRINGS = YES;
				SWIFT_VERSION = 5.0;
				TARGETED_DEVICE_FAMILY = "1,2";
			};
			name = Debug;
		};
		FA382B41271CB64E0032FAB4 /* Release */ = {
			isa = XCBuildConfiguration;
			buildSettings = {
				ASSETCATALOG_COMPILER_APPICON_NAME = AppIcon;
				ASSETCATALOG_COMPILER_GLOBAL_ACCENT_COLOR_NAME = AccentColor;
				CODE_SIGN_STYLE = Automatic;
				CURRENT_PROJECT_VERSION = 1;
				DEVELOPMENT_TEAM = WNNDZRPYU3;
				GENERATE_INFOPLIST_FILE = YES;
				INFOPLIST_FILE = amazon/Info.plist;
				INFOPLIST_KEY_UIApplicationSupportsIndirectInputEvents = YES;
				INFOPLIST_KEY_UILaunchStoryboardName = LaunchScreen;
				INFOPLIST_KEY_UIMainStoryboardFile = Main;
				INFOPLIST_KEY_UISupportedInterfaceOrientations_iPad = "UIInterfaceOrientationPortrait UIInterfaceOrientationPortraitUpsideDown UIInterfaceOrientationLandscapeLeft UIInterfaceOrientationLandscapeRight";
				INFOPLIST_KEY_UISupportedInterfaceOrientations_iPhone = "UIInterfaceOrientationPortrait UIInterfaceOrientationLandscapeLeft UIInterfaceOrientationLandscapeRight";
				LD_RUNPATH_SEARCH_PATHS = (
					"$(inherited)",
					"@executable_path/Frameworks",
				);
				MARKETING_VERSION = 1.0;
				PRODUCT_BUNDLE_IDENTIFIER = sa.waleed.amazon;
				PRODUCT_NAME = "$(TARGET_NAME)";
				SWIFT_EMIT_LOC_STRINGS = YES;
				SWIFT_VERSION = 5.0;
				TARGETED_DEVICE_FAMILY = "1,2";
			};
			name = Release;
		};
/* End XCBuildConfiguration section */

/* Begin XCConfigurationList section */
		FA382B26271CB6480032FAB4 /* Build configuration list for PBXProject "amazon" */ = {
			isa = XCConfigurationList;
			buildConfigurations = (
				FA382B3D271CB64E0032FAB4 /* Debug */,
				FA382B3E271CB64E0032FAB4 /* Release */,
			);
			defaultConfigurationIsVisible = 0;
			defaultConfigurationName = Release;
		};
		FA382B3F271CB64E0032FAB4 /* Build configuration list for PBXNativeTarget "amazon" */ = {
			isa = XCConfigurationList;
			buildConfigurations = (
				FA382B40271CB64E0032FAB4 /* Debug */,
				FA382B41271CB64E0032FAB4 /* Release */,
			);
			defaultConfigurationIsVisible = 0;
			defaultConfigurationName = Release;
		};
/* End XCConfigurationList section */
	};
	rootObject = FA382B23271CB6480032FAB4 /* Project object */;
}
