// !$*UTF8*$!
{
	archiveVersion = 1;
	classes = {
	};
	objectVersion = 55;
	objects = {

/* Begin PBXBuildFile section */
		89155B1B2720AA5700236004 /* AppDelegate.swift in Sources */ = {isa = PBXBuildFile; fileRef = 89155B1A2720AA5700236004 /* AppDelegate.swift */; };
		89155B1D2720AA5700236004 /* SceneDelegate.swift in Sources */ = {isa = PBXBuildFile; fileRef = 89155B1C2720AA5700236004 /* SceneDelegate.swift */; };
		89155B1F2720AA5700236004 /* storeVC.swift in Sources */ = {isa = PBXBuildFile; fileRef = 89155B1E2720AA5700236004 /* storeVC.swift */; };
		89155B222720AA5700236004 /* Main.storyboard in Resources */ = {isa = PBXBuildFile; fileRef = 89155B202720AA5700236004 /* Main.storyboard */; };
		89155B242720AA5800236004 /* Assets.xcassets in Resources */ = {isa = PBXBuildFile; fileRef = 89155B232720AA5800236004 /* Assets.xcassets */; };
		89155B272720AA5800236004 /* LaunchScreen.storyboard in Resources */ = {isa = PBXBuildFile; fileRef = 89155B252720AA5800236004 /* LaunchScreen.storyboard */; };
		89155B2F2720B0DC00236004 /* ProductCell.swift in Sources */ = {isa = PBXBuildFile; fileRef = 89155B2E2720B0DC00236004 /* ProductCell.swift */; };
		89155B312720B6E000236004 /* data.swift in Sources */ = {isa = PBXBuildFile; fileRef = 89155B302720B6E000236004 /* data.swift */; };
		89155B332720C5C100236004 /* CartVC.swift in Sources */ = {isa = PBXBuildFile; fileRef = 89155B322720C5C000236004 /* CartVC.swift */; };
		89155B352720D07800236004 /* CartCell.swift in Sources */ = {isa = PBXBuildFile; fileRef = 89155B342720D07800236004 /* CartCell.swift */; };
		89155B372721461D00236004 /* ProductVC.swift in Sources */ = {isa = PBXBuildFile; fileRef = 89155B362721461D00236004 /* ProductVC.swift */; };
		89155B3B27215D8A00236004 /* ManagerVC.swift in Sources */ = {isa = PBXBuildFile; fileRef = 89155B3A27215D8A00236004 /* ManagerVC.swift */; };
/* End PBXBuildFile section */

/* Begin PBXFileReference section */
		89155B172720AA5700236004 /* Aziz.Amazon.app */ = {isa = PBXFileReference; explicitFileType = wrapper.application; includeInIndex = 0; path = Aziz.Amazon.app; sourceTree = BUILT_PRODUCTS_DIR; };
		89155B1A2720AA5700236004 /* AppDelegate.swift */ = {isa = PBXFileReference; lastKnownFileType = sourcecode.swift; path = AppDelegate.swift; sourceTree = "<group>"; };
		89155B1C2720AA5700236004 /* SceneDelegate.swift */ = {isa = PBXFileReference; lastKnownFileType = sourcecode.swift; path = SceneDelegate.swift; sourceTree = "<group>"; };
		89155B1E2720AA5700236004 /* storeVC.swift */ = {isa = PBXFileReference; lastKnownFileType = sourcecode.swift; path = storeVC.swift; sourceTree = "<group>"; };
		89155B212720AA5700236004 /* Base */ = {isa = PBXFileReference; lastKnownFileType = file.storyboard; name = Base; path = Base.lproj/Main.storyboard; sourceTree = "<group>"; };
		89155B232720AA5800236004 /* Assets.xcassets */ = {isa = PBXFileReference; lastKnownFileType = folder.assetcatalog; path = Assets.xcassets; sourceTree = "<group>"; };
		89155B262720AA5800236004 /* Base */ = {isa = PBXFileReference; lastKnownFileType = file.storyboard; name = Base; path = Base.lproj/LaunchScreen.storyboard; sourceTree = "<group>"; };
		89155B282720AA5800236004 /* Info.plist */ = {isa = PBXFileReference; lastKnownFileType = text.plist.xml; path = Info.plist; sourceTree = "<group>"; };
		89155B2E2720B0DC00236004 /* ProductCell.swift */ = {isa = PBXFileReference; lastKnownFileType = sourcecode.swift; path = ProductCell.swift; sourceTree = "<group>"; };
		89155B302720B6E000236004 /* data.swift */ = {isa = PBXFileReference; lastKnownFileType = sourcecode.swift; path = data.swift; sourceTree = "<group>"; };
		89155B322720C5C000236004 /* CartVC.swift */ = {isa = PBXFileReference; lastKnownFileType = sourcecode.swift; path = CartVC.swift; sourceTree = "<group>"; };
		89155B342720D07800236004 /* CartCell.swift */ = {isa = PBXFileReference; lastKnownFileType = sourcecode.swift; path = CartCell.swift; sourceTree = "<group>"; };
		89155B362721461D00236004 /* ProductVC.swift */ = {isa = PBXFileReference; lastKnownFileType = sourcecode.swift; path = ProductVC.swift; sourceTree = "<group>"; };
		89155B3A27215D8A00236004 /* ManagerVC.swift */ = {isa = PBXFileReference; lastKnownFileType = sourcecode.swift; path = ManagerVC.swift; sourceTree = "<group>"; };
/* End PBXFileReference section */

/* Begin PBXFrameworksBuildPhase section */
		89155B142720AA5700236004 /* Frameworks */ = {
			isa = PBXFrameworksBuildPhase;
			buildActionMask = 2147483647;
			files = (
			);
			runOnlyForDeploymentPostprocessing = 0;
		};
/* End PBXFrameworksBuildPhase section */

/* Begin PBXGroup section */
		89155B0E2720AA5700236004 = {
			isa = PBXGroup;
			children = (
				89155B192720AA5700236004 /* Aziz.Amazon */,
				89155B182720AA5700236004 /* Products */,
			);
			sourceTree = "<group>";
		};
		89155B182720AA5700236004 /* Products */ = {
			isa = PBXGroup;
			children = (
				89155B172720AA5700236004 /* Aziz.Amazon.app */,
			);
			name = Products;
			sourceTree = "<group>";
		};
		89155B192720AA5700236004 /* Aziz.Amazon */ = {
			isa = PBXGroup;
			children = (
				89155B1A2720AA5700236004 /* AppDelegate.swift */,
				89155B1C2720AA5700236004 /* SceneDelegate.swift */,
				89155B302720B6E000236004 /* data.swift */,
				89155B362721461D00236004 /* ProductVC.swift */,
				89155B1E2720AA5700236004 /* storeVC.swift */,
				89155B2E2720B0DC00236004 /* ProductCell.swift */,
				89155B322720C5C000236004 /* CartVC.swift */,
				89155B342720D07800236004 /* CartCell.swift */,
				89155B3A27215D8A00236004 /* ManagerVC.swift */,
				89155B202720AA5700236004 /* Main.storyboard */,
				89155B232720AA5800236004 /* Assets.xcassets */,
				89155B252720AA5800236004 /* LaunchScreen.storyboard */,
				89155B282720AA5800236004 /* Info.plist */,
			);
			path = Aziz.Amazon;
			sourceTree = "<group>";
		};
/* End PBXGroup section */

/* Begin PBXNativeTarget section */
		89155B162720AA5700236004 /* Aziz.Amazon */ = {
			isa = PBXNativeTarget;
			buildConfigurationList = 89155B2B2720AA5800236004 /* Build configuration list for PBXNativeTarget "Aziz.Amazon" */;
			buildPhases = (
				89155B132720AA5700236004 /* Sources */,
				89155B142720AA5700236004 /* Frameworks */,
				89155B152720AA5700236004 /* Resources */,
			);
			buildRules = (
			);
			dependencies = (
			);
			name = Aziz.Amazon;
			productName = Aziz.Amazon;
			productReference = 89155B172720AA5700236004 /* Aziz.Amazon.app */;
			productType = "com.apple.product-type.application";
		};
/* End PBXNativeTarget section */

/* Begin PBXProject section */
		89155B0F2720AA5700236004 /* Project object */ = {
			isa = PBXProject;
			attributes = {
				BuildIndependentTargetsInParallel = 1;
				LastSwiftUpdateCheck = 1300;
				LastUpgradeCheck = 1300;
				TargetAttributes = {
					89155B162720AA5700236004 = {
						CreatedOnToolsVersion = 13.0;
					};
				};
			};
			buildConfigurationList = 89155B122720AA5700236004 /* Build configuration list for PBXProject "Aziz.Amazon" */;
			compatibilityVersion = "Xcode 13.0";
			developmentRegion = en;
			hasScannedForEncodings = 0;
			knownRegions = (
				en,
				Base,
			);
			mainGroup = 89155B0E2720AA5700236004;
			productRefGroup = 89155B182720AA5700236004 /* Products */;
			projectDirPath = "";
			projectRoot = "";
			targets = (
				89155B162720AA5700236004 /* Aziz.Amazon */,
			);
		};
/* End PBXProject section */

/* Begin PBXResourcesBuildPhase section */
		89155B152720AA5700236004 /* Resources */ = {
			isa = PBXResourcesBuildPhase;
			buildActionMask = 2147483647;
			files = (
				89155B272720AA5800236004 /* LaunchScreen.storyboard in Resources */,
				89155B242720AA5800236004 /* Assets.xcassets in Resources */,
				89155B222720AA5700236004 /* Main.storyboard in Resources */,
			);
			runOnlyForDeploymentPostprocessing = 0;
		};
/* End PBXResourcesBuildPhase section */

/* Begin PBXSourcesBuildPhase section */
		89155B132720AA5700236004 /* Sources */ = {
			isa = PBXSourcesBuildPhase;
			buildActionMask = 2147483647;
			files = (
				89155B1F2720AA5700236004 /* storeVC.swift in Sources */,
				89155B352720D07800236004 /* CartCell.swift in Sources */,
				89155B2F2720B0DC00236004 /* ProductCell.swift in Sources */,
				89155B332720C5C100236004 /* CartVC.swift in Sources */,
				89155B3B27215D8A00236004 /* ManagerVC.swift in Sources */,
				89155B372721461D00236004 /* ProductVC.swift in Sources */,
				89155B1B2720AA5700236004 /* AppDelegate.swift in Sources */,
				89155B312720B6E000236004 /* data.swift in Sources */,
				89155B1D2720AA5700236004 /* SceneDelegate.swift in Sources */,
			);
			runOnlyForDeploymentPostprocessing = 0;
		};
/* End PBXSourcesBuildPhase section */

/* Begin PBXVariantGroup section */
		89155B202720AA5700236004 /* Main.storyboard */ = {
			isa = PBXVariantGroup;
			children = (
				89155B212720AA5700236004 /* Base */,
			);
			name = Main.storyboard;
			sourceTree = "<group>";
		};
		89155B252720AA5800236004 /* LaunchScreen.storyboard */ = {
			isa = PBXVariantGroup;
			children = (
				89155B262720AA5800236004 /* Base */,
			);
			name = LaunchScreen.storyboard;
			sourceTree = "<group>";
		};
/* End PBXVariantGroup section */

/* Begin XCBuildConfiguration section */
		89155B292720AA5800236004 /* Debug */ = {
			isa = XCBuildConfiguration;
			buildSettings = {
				ALWAYS_SEARCH_USER_PATHS = NO;
				CLANG_ANALYZER_NONNULL = YES;
				CLANG_ANALYZER_NUMBER_OBJECT_CONVERSION = YES_AGGRESSIVE;
				CLANG_CXX_LANGUAGE_STANDARD = "gnu++17";
				CLANG_CXX_LIBRARY = "libc++";
				CLANG_ENABLE_MODULES = YES;
				CLANG_ENABLE_OBJC_ARC = YES;
				CLANG_ENABLE_OBJC_WEAK = YES;
				CLANG_WARN_BLOCK_CAPTURE_AUTORELEASING = YES;
				CLANG_WARN_BOOL_CONVERSION = YES;
				CLANG_WARN_COMMA = YES;
				CLANG_WARN_CONSTANT_CONVERSION = YES;
				CLANG_WARN_DEPRECATED_OBJC_IMPLEMENTATIONS = YES;
				CLANG_WARN_DIRECT_OBJC_ISA_USAGE = YES_ERROR;
				CLANG_WARN_DOCUMENTATION_COMMENTS = YES;
				CLANG_WARN_EMPTY_BODY = YES;
				CLANG_WARN_ENUM_CONVERSION = YES;
				CLANG_WARN_INFINITE_RECURSION = YES;
				CLANG_WARN_INT_CONVERSION = YES;
				CLANG_WARN_NON_LITERAL_NULL_CONVERSION = YES;
				CLANG_WARN_OBJC_IMPLICIT_RETAIN_SELF = YES;
				CLANG_WARN_OBJC_LITERAL_CONVERSION = YES;
				CLANG_WARN_OBJC_ROOT_CLASS = YES_ERROR;
				CLANG_WARN_QUOTED_INCLUDE_IN_FRAMEWORK_HEADER = YES;
				CLANG_WARN_RANGE_LOOP_ANALYSIS = YES;
				CLANG_WARN_STRICT_PROTOTYPES = YES;
				CLANG_WARN_SUSPICIOUS_MOVE = YES;
				CLANG_WARN_UNGUARDED_AVAILABILITY = YES_AGGRESSIVE;
				CLANG_WARN_UNREACHABLE_CODE = YES;
				CLANG_WARN__DUPLICATE_METHOD_MATCH = YES;
				COPY_PHASE_STRIP = NO;
				DEBUG_INFORMATION_FORMAT = dwarf;
				ENABLE_STRICT_OBJC_MSGSEND = YES;
				ENABLE_TESTABILITY = YES;
				GCC_C_LANGUAGE_STANDARD = gnu11;
				GCC_DYNAMIC_NO_PIC = NO;
				GCC_NO_COMMON_BLOCKS = YES;
				GCC_OPTIMIZATION_LEVEL = 0;
				GCC_PREPROCESSOR_DEFINITIONS = (
					"DEBUG=1",
					"$(inherited)",
				);
				GCC_WARN_64_TO_32_BIT_CONVERSION = YES;
				GCC_WARN_ABOUT_RETURN_TYPE = YES_ERROR;
				GCC_WARN_UNDECLARED_SELECTOR = YES;
				GCC_WARN_UNINITIALIZED_AUTOS = YES_AGGRESSIVE;
				GCC_WARN_UNUSED_FUNCTION = YES;
				GCC_WARN_UNUSED_VARIABLE = YES;
				IPHONEOS_DEPLOYMENT_TARGET = 15.0;
				MTL_ENABLE_DEBUG_INFO = INCLUDE_SOURCE;
				MTL_FAST_MATH = YES;
				ONLY_ACTIVE_ARCH = YES;
				SDKROOT = iphoneos;
				SWIFT_ACTIVE_COMPILATION_CONDITIONS = DEBUG;
				SWIFT_OPTIMIZATION_LEVEL = "-Onone";
			};
			name = Debug;
		};
		89155B2A2720AA5800236004 /* Release */ = {
			isa = XCBuildConfiguration;
			buildSettings = {
				ALWAYS_SEARCH_USER_PATHS = NO;
				CLANG_ANALYZER_NONNULL = YES;
				CLANG_ANALYZER_NUMBER_OBJECT_CONVERSION = YES_AGGRESSIVE;
				CLANG_CXX_LANGUAGE_STANDARD = "gnu++17";
				CLANG_CXX_LIBRARY = "libc++";
				CLANG_ENABLE_MODULES = YES;
				CLANG_ENABLE_OBJC_ARC = YES;
				CLANG_ENABLE_OBJC_WEAK = YES;
				CLANG_WARN_BLOCK_CAPTURE_AUTORELEASING = YES;
				CLANG_WARN_BOOL_CONVERSION = YES;
				CLANG_WARN_COMMA = YES;
				CLANG_WARN_CONSTANT_CONVERSION = YES;
				CLANG_WARN_DEPRECATED_OBJC_IMPLEMENTATIONS = YES;
				CLANG_WARN_DIRECT_OBJC_ISA_USAGE = YES_ERROR;
				CLANG_WARN_DOCUMENTATION_COMMENTS = YES;
				CLANG_WARN_EMPTY_BODY = YES;
				CLANG_WARN_ENUM_CONVERSION = YES;
				CLANG_WARN_INFINITE_RECURSION = YES;
				CLANG_WARN_INT_CONVERSION = YES;
				CLANG_WARN_NON_LITERAL_NULL_CONVERSION = YES;
				CLANG_WARN_OBJC_IMPLICIT_RETAIN_SELF = YES;
				CLANG_WARN_OBJC_LITERAL_CONVERSION = YES;
				CLANG_WARN_OBJC_ROOT_CLASS = YES_ERROR;
				CLANG_WARN_QUOTED_INCLUDE_IN_FRAMEWORK_HEADER = YES;
				CLANG_WARN_RANGE_LOOP_ANALYSIS = YES;
				CLANG_WARN_STRICT_PROTOTYPES = YES;
				CLANG_WARN_SUSPICIOUS_MOVE = YES;
				CLANG_WARN_UNGUARDED_AVAILABILITY = YES_AGGRESSIVE;
				CLANG_WARN_UNREACHABLE_CODE = YES;
				CLANG_WARN__DUPLICATE_METHOD_MATCH = YES;
				COPY_PHASE_STRIP = NO;
				DEBUG_INFORMATION_FORMAT = "dwarf-with-dsym";
				ENABLE_NS_ASSERTIONS = NO;
				ENABLE_STRICT_OBJC_MSGSEND = YES;
				GCC_C_LANGUAGE_STANDARD = gnu11;
				GCC_NO_COMMON_BLOCKS = YES;
				GCC_WARN_64_TO_32_BIT_CONVERSION = YES;
				GCC_WARN_ABOUT_RETURN_TYPE = YES_ERROR;
				GCC_WARN_UNDECLARED_SELECTOR = YES;
				GCC_WARN_UNINITIALIZED_AUTOS = YES_AGGRESSIVE;
				GCC_WARN_UNUSED_FUNCTION = YES;
				GCC_WARN_UNUSED_VARIABLE = YES;
				IPHONEOS_DEPLOYMENT_TARGET = 15.0;
				MTL_ENABLE_DEBUG_INFO = NO;
				MTL_FAST_MATH = YES;
				SDKROOT = iphoneos;
				SWIFT_COMPILATION_MODE = wholemodule;
				SWIFT_OPTIMIZATION_LEVEL = "-O";
				VALIDATE_PRODUCT = YES;
			};
			name = Release;
		};
		89155B2C2720AA5800236004 /* Debug */ = {
			isa = XCBuildConfiguration;
			buildSettings = {
				ASSETCATALOG_COMPILER_APPICON_NAME = AppIcon;
				ASSETCATALOG_COMPILER_GLOBAL_ACCENT_COLOR_NAME = AccentColor;
				CODE_SIGN_STYLE = Automatic;
				CURRENT_PROJECT_VERSION = 1;
				GENERATE_INFOPLIST_FILE = YES;
				INFOPLIST_FILE = Aziz.Amazon/Info.plist;
				INFOPLIST_KEY_UIApplicationSupportsIndirectInputEvents = YES;
				INFOPLIST_KEY_UILaunchStoryboardName = LaunchScreen;
				INFOPLIST_KEY_UIMainStoryboardFile = Main;
				INFOPLIST_KEY_UISupportedInterfaceOrientations_iPad = "UIInterfaceOrientationPortrait UIInterfaceOrientationPortraitUpsideDown UIInterfaceOrientationLandscapeLeft UIInterfaceOrientationLandscapeRight";
				INFOPLIST_KEY_UISupportedInterfaceOrientations_iPhone = "UIInterfaceOrientationPortrait UIInterfaceOrientationLandscapeLeft UIInterfaceOrientationLandscapeRight";
				LD_RUNPATH_SEARCH_PATHS = (
					"$(inherited)",
					"@executable_path/Frameworks",
				);
				MARKETING_VERSION = 1.0;
				PRODUCT_BUNDLE_IDENTIFIER = "com.aziz.Aziz-Amazon";
				PRODUCT_NAME = "$(TARGET_NAME)";
				SWIFT_EMIT_LOC_STRINGS = YES;
				SWIFT_VERSION = 5.0;
				TARGETED_DEVICE_FAMILY = "1,2";
			};
			name = Debug;
		};
		89155B2D2720AA5800236004 /* Release */ = {
			isa = XCBuildConfiguration;
			buildSettings = {
				ASSETCATALOG_COMPILER_APPICON_NAME = AppIcon;
				ASSETCATALOG_COMPILER_GLOBAL_ACCENT_COLOR_NAME = AccentColor;
				CODE_SIGN_STYLE = Automatic;
				CURRENT_PROJECT_VERSION = 1;
				GENERATE_INFOPLIST_FILE = YES;
				INFOPLIST_FILE = Aziz.Amazon/Info.plist;
				INFOPLIST_KEY_UIApplicationSupportsIndirectInputEvents = YES;
				INFOPLIST_KEY_UILaunchStoryboardName = LaunchScreen;
				INFOPLIST_KEY_UIMainStoryboardFile = Main;
				INFOPLIST_KEY_UISupportedInterfaceOrientations_iPad = "UIInterfaceOrientationPortrait UIInterfaceOrientationPortraitUpsideDown UIInterfaceOrientationLandscapeLeft UIInterfaceOrientationLandscapeRight";
				INFOPLIST_KEY_UISupportedInterfaceOrientations_iPhone = "UIInterfaceOrientationPortrait UIInterfaceOrientationLandscapeLeft UIInterfaceOrientationLandscapeRight";
				LD_RUNPATH_SEARCH_PATHS = (
					"$(inherited)",
					"@executable_path/Frameworks",
				);
				MARKETING_VERSION = 1.0;
				PRODUCT_BUNDLE_IDENTIFIER = "com.aziz.Aziz-Amazon";
				PRODUCT_NAME = "$(TARGET_NAME)";
				SWIFT_EMIT_LOC_STRINGS = YES;
				SWIFT_VERSION = 5.0;
				TARGETED_DEVICE_FAMILY = "1,2";
			};
			name = Release;
		};
/* End XCBuildConfiguration section */

/* Begin XCConfigurationList section */
		89155B122720AA5700236004 /* Build configuration list for PBXProject "Aziz.Amazon" */ = {
			isa = XCConfigurationList;
			buildConfigurations = (
				89155B292720AA5800236004 /* Debug */,
				89155B2A2720AA5800236004 /* Release */,
			);
			defaultConfigurationIsVisible = 0;
			defaultConfigurationName = Release;
		};
		89155B2B2720AA5800236004 /* Build configuration list for PBXNativeTarget "Aziz.Amazon" */ = {
			isa = XCConfigurationList;
			buildConfigurations = (
				89155B2C2720AA5800236004 /* Debug */,
				89155B2D2720AA5800236004 /* Release */,
			);
			defaultConfigurationIsVisible = 0;
			defaultConfigurationName = Release;
		};
/* End XCConfigurationList section */
	};
	rootObject = 89155B0F2720AA5700236004 /* Project object */;
}
